
Microsoft Visual Studio Solution File, Format Version 12.00
# Visual Studio Version 16
VisualStudioVersion = 16.0.28803.202
MinimumVisualStudioVersion = 10.0.40219.1
Project("{FAE04EC0-301F-11D3-BF4B-00C04F79EFBC}") = "RouxAcademy", "RouxAcademy\RouxAcademy.csproj", "{DE04AE26-5CE5-4BED-AE77-3C4E06D571AA}"
EndProject
Global
	GlobalSection(SolutionConfigurationPlatforms) = preSolution
		Debug|Any CPU = Debug|Any CPU
		Release|Any CPU = Release|Any CPU
	EndGlobalSection
	GlobalSection(ProjectConfigurationPlatforms) = postSolution
		{DE04AE26-5CE5-4BED-AE77-3C4E06D571AA}.Debug|Any CPU.ActiveCfg = Debug|Any CPU
		{DE04AE26-5CE5-4BED-AE77-3C4E06D571AA}.Debug|Any CPU.Build.0 = Debug|Any CPU
		{DE04AE26-5CE5-4BED-AE77-3C4E06D571AA}.Release|Any CPU.ActiveCfg = Release|Any CPU
		{DE04AE26-5CE5-4BED-AE77-3C4E06D571AA}.Release|Any CPU.Build.0 = Release|Any CPU
	EndGlobalSection
	GlobalSection(SolutionProperties) = preSolution
		HideSolutionNode = FALSE
	EndGlobalSection
	GlobalSection(ExtensibilityGlobals) = postSolution
		SolutionGuid = {7C796DB8-F604-4C49-85CA-930027D164E7}
	EndGlobalSection
EndGlobal
